
Microsoft Visual Studio Solution File, Format Version 12.00
# Visual Studio Version 17
VisualStudioVersion = 17.10.35013.160
MinimumVisualStudioVersion = 10.0.40219.1
Project("{FAE04EC0-301F-11D3-BF4B-00C04F79EFBC}") = "GemBoxFonts", "GemBoxFonts\GemBoxFonts.csproj", "{3C111015-55FC-44A9-B7E2-9348CC8AB062}"
EndProject
Global
	GlobalSection(SolutionConfigurationPlatforms) = preSolution
		Debug|Any CPU = Debug|Any CPU
		Release|Any CPU = Release|Any CPU
	EndGlobalSection
	GlobalSection(ProjectConfigurationPlatforms) = postSolution
		{3C111015-55FC-44A9-B7E2-9348CC8AB062}.Debug|Any CPU.ActiveCfg = Debug|Any CPU
		{3C111015-55FC-44A9-B7E2-9348CC8AB062}.Debug|Any CPU.Build.0 = Debug|Any CPU
		{3C111015-55FC-44A9-B7E2-9348CC8AB062}.Release|Any CPU.ActiveCfg = Release|Any CPU
		{3C111015-55FC-44A9-B7E2-9348CC8AB062}.Release|Any CPU.Build.0 = Release|Any CPU
	EndGlobalSection
	GlobalSection(SolutionProperties) = preSolution
		HideSolutionNode = FALSE
	EndGlobalSection
	GlobalSection(ExtensibilityGlobals) = postSolution
		SolutionGuid = {D7F0E702-781B-426C-968A-5ACE7C5E1E71}
	EndGlobalSection
EndGlobal
